%{
  "bunch": {:hex, :bunch, "1.2.0", "f26c6c84e2e5e245620c73a0a4560ca91a75b25744012537e055426568916ab7", [:mix], [], "hexpm"},
  "certifi": {:hex, :certifi, "2.5.1", "867ce347f7c7d78563450a18a6a28a8090331e77fa02380b4a21962a65d36ee5", [:rebar3], [{:parse_trans, "~>3.3", [hex: :parse_trans, repo: "hexpm", optional: false]}], "hexpm"},
  "coerce": {:hex, :coerce, "1.0.1", "211c27386315dc2894ac11bc1f413a0e38505d808153367bd5c6e75a4003d096", [:mix], [], "hexpm"},
  "cowlib": {:hex, :cowlib, "2.6.0", "8aa629f81a0fc189f261dc98a42243fa842625feea3c7ec56c48f4ccdb55490f", [:rebar3], [], "hexpm"},
  "crc": {:hex, :crc, "0.9.2", "6abd1caca749b2626ff3b4eb6d821109fd92d5e6c461739af03b93197dea68ec", [:mix, :rebar3], [{:elixir_make, "~> 0.4", [hex: :elixir_make, repo: "hexpm", optional: false]}], "hexpm"},
  "dialyxir": {:hex, :dialyxir, "1.0.0-rc.6", "78e97d9c0ff1b5521dd68041193891aebebce52fc3b93463c0a6806874557d7d", [:mix], [{:erlex, "~> 0.2.1", [hex: :erlex, repo: "hexpm", optional: false]}], "hexpm"},
  "earmark": {:hex, :earmark, "1.4.0", "397e750b879df18198afc66505ca87ecf6a96645545585899f6185178433cc09", [:mix], [], "hexpm"},
  "elixir_make": {:hex, :elixir_make, "0.6.0", "38349f3e29aff4864352084fc736fa7fa0f2995a819a737554f7ebd28b85aaab", [:mix], [], "hexpm"},
  "erlex": {:hex, :erlex, "0.2.2", "cb0e6878fdf86dc63509eaf2233a71fa73fc383c8362c8ff8e8b6f0c2bb7017c", [:mix], [], "hexpm"},
  "ex_doc": {:hex, :ex_doc, "0.21.2", "caca5bc28ed7b3bdc0b662f8afe2bee1eedb5c3cf7b322feeeb7c6ebbde089d6", [:mix], [{:earmark, "~> 1.3.3 or ~> 1.4", [hex: :earmark, repo: "hexpm", optional: false]}, {:makeup_elixir, "~> 0.14", [hex: :makeup_elixir, repo: "hexpm", optional: false]}], "hexpm"},
  "gun": {:hex, :gun, "1.3.0", "18e5d269649c987af95aec309f68a27ffc3930531dd227a6eaa0884d6684286e", [:rebar3], [{:cowlib, "~> 2.6.0", [hex: :cowlib, repo: "hexpm", optional: false]}], "hexpm"},
  "ibm_speech_to_text": {:hex, :ibm_speech_to_text, "0.3.0", "29f8570129695781f1ed583e88188c20fc5229ff7d801dffac56fbabd201ced5", [:mix], [{:certifi, "~> 2.5", [hex: :certifi, repo: "hexpm", optional: false]}, {:gun, "~> 1.3", [hex: :gun, repo: "hexpm", optional: false]}, {:jason, "~> 1.1", [hex: :jason, repo: "hexpm", optional: false]}], "hexpm"},
  "jason": {:hex, :jason, "1.1.2", "b03dedea67a99223a2eaf9f1264ce37154564de899fd3d8b9a21b1a6fd64afe7", [:mix], [{:decimal, "~> 1.0", [hex: :decimal, repo: "hexpm", optional: true]}], "hexpm"},
  "makeup": {:hex, :makeup, "1.0.0", "671df94cf5a594b739ce03b0d0316aa64312cee2574b6a44becb83cd90fb05dc", [:mix], [{:nimble_parsec, "~> 0.5.0", [hex: :nimble_parsec, repo: "hexpm", optional: false]}], "hexpm"},
  "makeup_elixir": {:hex, :makeup_elixir, "0.14.0", "cf8b7c66ad1cff4c14679698d532f0b5d45a3968ffbcbfd590339cb57742f1ae", [:mix], [{:makeup, "~> 1.0", [hex: :makeup, repo: "hexpm", optional: false]}], "hexpm"},
  "membrane_caps_audio_flac": {:hex, :membrane_caps_audio_flac, "0.1.1", "392a04abfe549465fd0c8d842daf0af14997ee67c7f6e2656bc91c396664249c", [:mix], [], "hexpm"},
  "membrane_core": {:hex, :membrane_core, "0.4.0", "fef5331ff2f2a20a743d7718076032e041532e4a6d942b57223a445e0b9fce9e", [:mix], [{:bunch, "~> 1.2", [hex: :bunch, repo: "hexpm", optional: false]}, {:qex, "~> 0.3", [hex: :qex, repo: "hexpm", optional: false]}, {:ratio, "~> 2.0", [hex: :ratio, repo: "hexpm", optional: false]}], "hexpm"},
  "membrane_element_file": {:hex, :membrane_element_file, "0.2.4", "689baa215d7480fbee6d0f9d16f48af429092cedee37490d84c1a20ae41f53ea", [:mix], [{:membrane_core, "~> 0.4.0", [hex: :membrane_core, repo: "hexpm", optional: false]}, {:mockery, "~> 2.2", [hex: :mockery, repo: "hexpm", optional: false]}], "hexpm"},
  "membrane_element_flac_parser": {:hex, :membrane_element_flac_parser, "0.2.1", "ef9bee7480efe700c21133c9d00ad446a1d20b676e8d6b7288b2088b68846b59", [:mix], [{:crc, "~> 0.9.2", [hex: :crc, repo: "hexpm", optional: false]}, {:membrane_caps_audio_flac, "~> 0.1.1", [hex: :membrane_caps_audio_flac, repo: "hexpm", optional: false]}, {:membrane_core, "~> 0.4.0", [hex: :membrane_core, repo: "hexpm", optional: false]}], "hexpm"},
  "mockery": {:hex, :mockery, "2.3.0", "f1af3976916e7402427116f491e3038a251857de8f0836952c2fa24ad6de4317", [:mix], [], "hexpm"},
  "nimble_parsec": {:hex, :nimble_parsec, "0.5.1", "c90796ecee0289dbb5ad16d3ad06f957b0cd1199769641c961cfe0b97db190e0", [:mix], [], "hexpm"},
  "numbers": {:hex, :numbers, "5.1.1", "1277dbee5dc73b0e1608bd6d318bd8338cbcba5b68cade65f24e4bb402676b5c", [:mix], [{:coerce, "~> 1.0", [hex: :coerce, repo: "hexpm", optional: false]}, {:decimal, "~> 1.5", [hex: :decimal, repo: "hexpm", optional: true]}], "hexpm"},
  "parse_trans": {:hex, :parse_trans, "3.3.0", "09765507a3c7590a784615cfd421d101aec25098d50b89d7aa1d66646bc571c1", [:rebar3], [], "hexpm"},
  "qex": {:hex, :qex, "0.5.0", "5a3a9becf67d4006377c4c247ffdaaa8ae5b3634a0caadb788dc24d6125068f4", [:mix], [], "hexpm"},
  "ratio": {:hex, :ratio, "2.2.2", "c26013b9af7d03cf451bbe11608046e4c9d06e127f5e387668ae97163e75a6dd", [:mix], [{:numbers, "~> 5.1.0", [hex: :numbers, repo: "hexpm", optional: false]}], "hexpm"},
}
